{
	"name": "@wowvendor/eslint-config-react",
	"version": "1.0.0",
	"lockfileVersion": 1,
	"requires": true,
	"dependencies": {
		"@babel/runtime": {
			"version": "7.6.3",
			"resolved": "https://registry.npmjs.org/@babel/runtime/-/runtime-7.6.3.tgz",
			"integrity": "sha512-kq6anf9JGjW8Nt5rYfEuGRaEAaH1mkv3Bbu6rYvLOpPh/RusSJXuKPEAoZ7L7gybZkchE8+NV5g9vKF4AGAtsA==",
			"requires": {
				"regenerator-runtime": "^0.13.2"
			}
		},
		"@types/eslint-visitor-keys": {
			"version": "1.0.0",
			"resolved": "https://registry.npmjs.org/@types/eslint-visitor-keys/-/eslint-visitor-keys-1.0.0.tgz",
			"integrity": "sha512-OCutwjDZ4aFS6PB1UZ988C4YgwlBHJd6wCeQqaLdmadZ/7e+w79+hbMUFC1QXDNCmdyoRfAFdm0RypzwR+Qpag=="
		},
		"@types/json-schema": {
			"version": "7.0.3",
			"resolved": "https://registry.npmjs.org/@types/json-schema/-/json-schema-7.0.3.tgz",
			"integrity": "sha512-Il2DtDVRGDcqjDtE+rF8iqg1CArehSK84HZJCT7AMITlyXRBpuPhqGLDQMowraqqu1coEaimg4ZOqggt6L6L+A=="
		},
		"@typescript-eslint/eslint-plugin": {
			"version": "2.4.0",
			"resolved": "https://registry.npmjs.org/@typescript-eslint/eslint-plugin/-/eslint-plugin-2.4.0.tgz",
			"integrity": "sha512-se/YCk7PUoyMwSm/u3Ii9E+BgDUc736uw/lXCDpXEqRgPGsoBTtS8Mntue/vZX8EGyzGplYuePBuVyhZDM9EpQ==",
			"requires": {
				"@typescript-eslint/experimental-utils": "2.4.0",
				"eslint-utils": "^1.4.2",
				"functional-red-black-tree": "^1.0.1",
				"regexpp": "^2.0.1",
				"tsutils": "^3.17.1"
			}
		},
		"@typescript-eslint/experimental-utils": {
			"version": "2.4.0",
			"resolved": "https://registry.npmjs.org/@typescript-eslint/experimental-utils/-/experimental-utils-2.4.0.tgz",
			"integrity": "sha512-2cvhNaJoWavgTtnC7e1jUSPZQ7e4U2X9Yoy5sQmkS7lTESuyuZrlRcaoNuFfYEd6hgrmMU7+QoSp8Ad+kT1nfA==",
			"requires": {
				"@types/json-schema": "^7.0.3",
				"@typescript-eslint/typescript-estree": "2.4.0",
				"eslint-scope": "^5.0.0"
			}
		},
		"@typescript-eslint/parser": {
			"version": "2.4.0",
			"resolved": "https://registry.npmjs.org/@typescript-eslint/parser/-/parser-2.4.0.tgz",
			"integrity": "sha512-IouAKi/grJ4MFrwdXIJ1GHAwbPWYgkT3b/x8Q49F378c9nwgxVkO76e0rZeUVpwHMaUuoKG2sUeK0XGkwdlwkw==",
			"requires": {
				"@types/eslint-visitor-keys": "^1.0.0",
				"@typescript-eslint/experimental-utils": "2.4.0",
				"@typescript-eslint/typescript-estree": "2.4.0",
				"eslint-visitor-keys": "^1.1.0"
			}
		},
		"@typescript-eslint/typescript-estree": {
			"version": "2.4.0",
			"resolved": "https://registry.npmjs.org/@typescript-eslint/typescript-estree/-/typescript-estree-2.4.0.tgz",
			"integrity": "sha512-/DzDAtMqF5d9IlXrrvu/Id/uoKjnSxf/3FbtKK679a/T7lbDM8qQuirtGvFy6Uh+x0hALuCMwnMfUf0P24/+Iw==",
			"requires": {
				"chokidar": "^3.0.2",
				"glob": "^7.1.4",
				"is-glob": "^4.0.1",
				"lodash.unescape": "4.0.1",
				"semver": "^6.3.0"
			}
		},
		"anymatch": {
			"version": "3.1.1",
			"resolved": "https://registry.npmjs.org/anymatch/-/anymatch-3.1.1.tgz",
			"integrity": "sha512-mM8522psRCqzV+6LhomX5wgp25YVibjh8Wj23I5RPkPppSVSjyKD2A2mBJmWGa+KN7f2D6LNh9jkBCeyLktzjg==",
			"requires": {
				"normalize-path": "^3.0.0",
				"picomatch": "^2.0.4"
			}
		},
		"aria-query": {
			"version": "3.0.0",
			"resolved": "https://registry.npmjs.org/aria-query/-/aria-query-3.0.0.tgz",
			"integrity": "sha1-ZbP8wcoRVajJrmTW7uKX8V1RM8w=",
			"requires": {
				"ast-types-flow": "0.0.7",
				"commander": "^2.11.0"
			}
		},
		"array-includes": {
			"version": "3.0.3",
			"resolved": "https://registry.npmjs.org/array-includes/-/array-includes-3.0.3.tgz",
			"integrity": "sha1-GEtI9i2S10UrsxsyMWXH+L0CJm0=",
			"requires": {
				"define-properties": "^1.1.2",
				"es-abstract": "^1.7.0"
			}
		},
		"ast-types-flow": {
			"version": "0.0.7",
			"resolved": "https://registry.npmjs.org/ast-types-flow/-/ast-types-flow-0.0.7.tgz",
			"integrity": "sha1-9wtzXGvKGlycItmCw+Oef+ujva0="
		},
		"axobject-query": {
			"version": "2.0.2",
			"resolved": "https://registry.npmjs.org/axobject-query/-/axobject-query-2.0.2.tgz",
			"integrity": "sha512-MCeek8ZH7hKyO1rWUbKNQBbl4l2eY0ntk7OGi+q0RlafrCnfPxC06WZA+uebCfmYp4mNU9jRBP1AhGyf8+W3ww==",
			"requires": {
				"ast-types-flow": "0.0.7"
			}
		},
		"balanced-match": {
			"version": "1.0.0",
			"resolved": "https://registry.npmjs.org/balanced-match/-/balanced-match-1.0.0.tgz",
			"integrity": "sha1-ibTRmasr7kneFk6gK4nORi1xt2c="
		},
		"binary-extensions": {
			"version": "2.0.0",
			"resolved": "https://registry.npmjs.org/binary-extensions/-/binary-extensions-2.0.0.tgz",
			"integrity": "sha512-Phlt0plgpIIBOGTT/ehfFnbNlfsDEiqmzE2KRXoX1bLIlir4X/MR+zSyBEkL05ffWgnRSf/DXv+WrUAVr93/ow=="
		},
		"brace-expansion": {
			"version": "1.1.11",
			"resolved": "https://registry.npmjs.org/brace-expansion/-/brace-expansion-1.1.11.tgz",
			"integrity": "sha512-iCuPHDFgrHX7H2vEI/5xpz07zSHB00TpugqhmYtVmMO6518mCuRMoOYFldEBl0g187ufozdaHgWKcYFb61qGiA==",
			"requires": {
				"balanced-match": "^1.0.0",
				"concat-map": "0.0.1"
			}
		},
		"braces": {
			"version": "3.0.2",
			"resolved": "https://registry.npmjs.org/braces/-/braces-3.0.2.tgz",
			"integrity": "sha512-b8um+L1RzM3WDSzvhm6gIz1yfTbBt6YTlcEKAvsmqCZZFw46z626lVj9j1yEPW33H5H+lBQpZMP1k8l+78Ha0A==",
			"requires": {
				"fill-range": "^7.0.1"
			}
		},
		"chokidar": {
			"version": "3.2.2",
			"resolved": "https://registry.npmjs.org/chokidar/-/chokidar-3.2.2.tgz",
			"integrity": "sha512-bw3pm7kZ2Wa6+jQWYP/c7bAZy3i4GwiIiMO2EeRjrE48l8vBqC/WvFhSF0xyM8fQiPEGvwMY/5bqDG7sSEOuhg==",
			"requires": {
				"anymatch": "~3.1.1",
				"braces": "~3.0.2",
				"fsevents": "~2.1.1",
				"glob-parent": "~5.1.0",
				"is-binary-path": "~2.1.0",
				"is-glob": "~4.0.1",
				"normalize-path": "~3.0.0",
				"readdirp": "~3.2.0"
			}
		},
		"commander": {
			"version": "2.20.3",
			"resolved": "https://registry.npmjs.org/commander/-/commander-2.20.3.tgz",
			"integrity": "sha512-GpVkmM8vF2vQUkj2LvZmD35JxeJOLCwJ9cUkugyk2nuhbv3+mJvpLYYt+0+USMxE+oj+ey/lJEnhZw75x/OMcQ=="
		},
		"concat-map": {
			"version": "0.0.1",
			"resolved": "https://registry.npmjs.org/concat-map/-/concat-map-0.0.1.tgz",
			"integrity": "sha1-2Klr13/Wjfd5OnMDajug1UBdR3s="
		},
		"damerau-levenshtein": {
			"version": "1.0.5",
			"resolved": "https://registry.npmjs.org/damerau-levenshtein/-/damerau-levenshtein-1.0.5.tgz",
			"integrity": "sha512-CBCRqFnpu715iPmw1KrdOrzRqbdFwQTwAWyyyYS42+iAgHCuXZ+/TdMgQkUENPomxEz9z1BEzuQU2Xw0kUuAgA=="
		},
		"define-properties": {
			"version": "1.1.3",
			"resolved": "https://registry.npmjs.org/define-properties/-/define-properties-1.1.3.tgz",
			"integrity": "sha512-3MqfYKj2lLzdMSf8ZIZE/V+Zuy+BgD6f164e8K2w7dgnpKArBDerGYpM46IYYcjnkdPNMjPk9A6VFB8+3SKlXQ==",
			"requires": {
				"object-keys": "^1.0.12"
			}
		},
		"emoji-regex": {
			"version": "7.0.3",
			"resolved": "https://registry.npmjs.org/emoji-regex/-/emoji-regex-7.0.3.tgz",
			"integrity": "sha512-CwBLREIQ7LvYFB0WyRvwhq5N5qPhc6PMjD6bYggFlI5YyDgl+0vxq5VHbMOFqLg7hfWzmu8T5Z1QofhmTIhItA=="
		},
		"es-abstract": {
			"version": "1.15.0",
			"resolved": "https://registry.npmjs.org/es-abstract/-/es-abstract-1.15.0.tgz",
			"integrity": "sha512-bhkEqWJ2t2lMeaJDuk7okMkJWI/yqgH/EoGwpcvv0XW9RWQsRspI4wt6xuyuvMvvQE3gg/D9HXppgk21w78GyQ==",
			"requires": {
				"es-to-primitive": "^1.2.0",
				"function-bind": "^1.1.1",
				"has": "^1.0.3",
				"has-symbols": "^1.0.0",
				"is-callable": "^1.1.4",
				"is-regex": "^1.0.4",
				"object-inspect": "^1.6.0",
				"object-keys": "^1.1.1",
				"string.prototype.trimleft": "^2.1.0",
				"string.prototype.trimright": "^2.1.0"
			}
		},
		"es-to-primitive": {
			"version": "1.2.0",
			"resolved": "https://registry.npmjs.org/es-to-primitive/-/es-to-primitive-1.2.0.tgz",
			"integrity": "sha512-qZryBOJjV//LaxLTV6UC//WewneB3LcXOL9NP++ozKVXsIIIpm/2c13UDiD9Jp2eThsecw9m3jPqDwTyobcdbg==",
			"requires": {
				"is-callable": "^1.1.4",
				"is-date-object": "^1.0.1",
				"is-symbol": "^1.0.2"
			}
		},
		"eslint-plugin-jsx-a11y": {
			"version": "6.2.3",
			"resolved": "https://registry.npmjs.org/eslint-plugin-jsx-a11y/-/eslint-plugin-jsx-a11y-6.2.3.tgz",
			"integrity": "sha512-CawzfGt9w83tyuVekn0GDPU9ytYtxyxyFZ3aSWROmnRRFQFT2BiPJd7jvRdzNDi6oLWaS2asMeYSNMjWTV4eNg==",
			"requires": {
				"@babel/runtime": "^7.4.5",
				"aria-query": "^3.0.0",
				"array-includes": "^3.0.3",
				"ast-types-flow": "^0.0.7",
				"axobject-query": "^2.0.2",
				"damerau-levenshtein": "^1.0.4",
				"emoji-regex": "^7.0.2",
				"has": "^1.0.3",
				"jsx-ast-utils": "^2.2.1"
			}
		},
		"eslint-plugin-react": {
			"version": "7.16.0",
			"resolved": "https://registry.npmjs.org/eslint-plugin-react/-/eslint-plugin-react-7.16.0.tgz",
			"integrity": "sha512-GacBAATewhhptbK3/vTP09CbFrgUJmBSaaRcWdbQLFvUZy9yVcQxigBNHGPU/KE2AyHpzj3AWXpxoMTsIDiHug==",
			"requires": {
				"array-includes": "^3.0.3",
				"doctrine": "^2.1.0",
				"has": "^1.0.3",
				"jsx-ast-utils": "^2.2.1",
				"object.entries": "^1.1.0",
				"object.fromentries": "^2.0.0",
				"object.values": "^1.1.0",
				"prop-types": "^15.7.2",
				"resolve": "^1.12.0"
			},
			"dependencies": {
				"doctrine": {
					"version": "2.1.0",
					"resolved": "https://registry.npmjs.org/doctrine/-/doctrine-2.1.0.tgz",
					"integrity": "sha512-35mSku4ZXK0vfCuHEDAwt55dg2jNajHZ1odvF+8SSr82EsZY4QmXfuWso8oEd8zRhVObSN18aM0CjSdoBX7zIw==",
					"requires": {
						"esutils": "^2.0.2"
					}
				}
			}
		},
		"eslint-plugin-react-hooks": {
			"version": "2.1.2",
			"resolved": "https://registry.npmjs.org/eslint-plugin-react-hooks/-/eslint-plugin-react-hooks-2.1.2.tgz",
			"integrity": "sha512-ZR+AyesAUGxJAyTFlF3MbzeVHAcQTFQt1fFVe5o0dzY/HFoj1dgQDMoIkiM+ltN/HhlHBYX4JpJwYonjxsyQMA=="
		},
		"eslint-scope": {
			"version": "5.0.0",
			"resolved": "https://registry.npmjs.org/eslint-scope/-/eslint-scope-5.0.0.tgz",
			"integrity": "sha512-oYrhJW7S0bxAFDvWqzvMPRm6pcgcnWc4QnofCAqRTRfQC0JcwenzGglTtsLyIuuWFfkqDG9vz67cnttSd53djw==",
			"requires": {
				"esrecurse": "^4.1.0",
				"estraverse": "^4.1.1"
			}
		},
		"eslint-utils": {
			"version": "1.4.2",
			"resolved": "https://registry.npmjs.org/eslint-utils/-/eslint-utils-1.4.2.tgz",
			"integrity": "sha512-eAZS2sEUMlIeCjBeubdj45dmBHQwPHWyBcT1VSYB7o9x9WRRqKxyUoiXlRjyAwzN7YEzHJlYg0NmzDRWx6GP4Q==",
			"requires": {
				"eslint-visitor-keys": "^1.0.0"
			}
		},
		"eslint-visitor-keys": {
			"version": "1.1.0",
			"resolved": "https://registry.npmjs.org/eslint-visitor-keys/-/eslint-visitor-keys-1.1.0.tgz",
			"integrity": "sha512-8y9YjtM1JBJU/A9Kc+SbaOV4y29sSWckBwMHa+FGtVj5gN/sbnKDf6xJUl+8g7FAij9LVaP8C24DUiH/f/2Z9A=="
		},
		"esrecurse": {
			"version": "4.2.1",
			"resolved": "https://registry.npmjs.org/esrecurse/-/esrecurse-4.2.1.tgz",
			"integrity": "sha512-64RBB++fIOAXPw3P9cy89qfMlvZEXZkqqJkjqqXIvzP5ezRZjW+lPWjw35UX/3EhUPFYbg5ER4JYgDw4007/DQ==",
			"requires": {
				"estraverse": "^4.1.0"
			}
		},
		"estraverse": {
			"version": "4.3.0",
			"resolved": "https://registry.npmjs.org/estraverse/-/estraverse-4.3.0.tgz",
			"integrity": "sha512-39nnKffWz8xN1BU/2c79n9nB9HDzo0niYUqx6xyqUnyoAnQyyWpOTdZEeiCch8BBu515t4wp9ZmgVfVhn9EBpw=="
		},
		"esutils": {
			"version": "2.0.3",
			"resolved": "https://registry.npmjs.org/esutils/-/esutils-2.0.3.tgz",
			"integrity": "sha512-kVscqXk4OCp68SZ0dkgEKVi6/8ij300KBWTJq32P/dYeWTSwK41WyTxalN1eRmA5Z9UU/LX9D7FWSmV9SAYx6g=="
		},
		"fill-range": {
			"version": "7.0.1",
			"resolved": "https://registry.npmjs.org/fill-range/-/fill-range-7.0.1.tgz",
			"integrity": "sha512-qOo9F+dMUmC2Lcb4BbVvnKJxTPjCm+RRpe4gDuGrzkL7mEVl/djYSu2OdQ2Pa302N4oqkSg9ir6jaLWJ2USVpQ==",
			"requires": {
				"to-regex-range": "^5.0.1"
			}
		},
		"fs.realpath": {
			"version": "1.0.0",
			"resolved": "https://registry.npmjs.org/fs.realpath/-/fs.realpath-1.0.0.tgz",
			"integrity": "sha1-FQStJSMVjKpA20onh8sBQRmU6k8="
		},
		"fsevents": {
			"version": "2.1.1",
			"resolved": "https://registry.npmjs.org/fsevents/-/fsevents-2.1.1.tgz",
			"integrity": "sha512-4FRPXWETxtigtJW/gxzEDsX1LVbPAM93VleB83kZB+ellqbHMkyt2aJfuzNLRvFPnGi6bcE5SvfxgbXPeKteJw==",
			"optional": true
		},
		"function-bind": {
			"version": "1.1.1",
			"resolved": "https://registry.npmjs.org/function-bind/-/function-bind-1.1.1.tgz",
			"integrity": "sha512-yIovAzMX49sF8Yl58fSCWJ5svSLuaibPxXQJFLmBObTuCr0Mf1KiPopGM9NiFjiYBCbfaa2Fh6breQ6ANVTI0A=="
		},
		"functional-red-black-tree": {
			"version": "1.0.1",
			"resolved": "https://registry.npmjs.org/functional-red-black-tree/-/functional-red-black-tree-1.0.1.tgz",
			"integrity": "sha1-GwqzvVU7Kg1jmdKcDj6gslIHgyc="
		},
		"glob": {
			"version": "7.1.4",
			"resolved": "https://registry.npmjs.org/glob/-/glob-7.1.4.tgz",
			"integrity": "sha512-hkLPepehmnKk41pUGm3sYxoFs/umurYfYJCerbXEyFIWcAzvpipAgVkBqqT9RBKMGjnq6kMuyYwha6csxbiM1A==",
			"requires": {
				"fs.realpath": "^1.0.0",
				"inflight": "^1.0.4",
				"inherits": "2",
				"minimatch": "^3.0.4",
				"once": "^1.3.0",
				"path-is-absolute": "^1.0.0"
			}
		},
		"glob-parent": {
			"version": "5.1.0",
			"resolved": "https://registry.npmjs.org/glob-parent/-/glob-parent-5.1.0.tgz",
			"integrity": "sha512-qjtRgnIVmOfnKUE3NJAQEdk+lKrxfw8t5ke7SXtfMTHcjsBfOfWXCQfdb30zfDoZQ2IRSIiidmjtbHZPZ++Ihw==",
			"requires": {
				"is-glob": "^4.0.1"
			}
		},
		"has": {
			"version": "1.0.3",
			"resolved": "https://registry.npmjs.org/has/-/has-1.0.3.tgz",
			"integrity": "sha512-f2dvO0VU6Oej7RkWJGrehjbzMAjFp5/VKPp5tTpWIV4JHHZK1/BxbFRtf/siA2SWTe09caDmVtYYzWEIbBS4zw==",
			"requires": {
				"function-bind": "^1.1.1"
			}
		},
		"has-symbols": {
			"version": "1.0.0",
			"resolved": "https://registry.npmjs.org/has-symbols/-/has-symbols-1.0.0.tgz",
			"integrity": "sha1-uhqPGvKg/DllD1yFA2dwQSIGO0Q="
		},
		"inflight": {
			"version": "1.0.6",
			"resolved": "https://registry.npmjs.org/inflight/-/inflight-1.0.6.tgz",
			"integrity": "sha1-Sb1jMdfQLQwJvJEKEHW6gWW1bfk=",
			"requires": {
				"once": "^1.3.0",
				"wrappy": "1"
			}
		},
		"inherits": {
			"version": "2.0.4",
			"resolved": "https://registry.npmjs.org/inherits/-/inherits-2.0.4.tgz",
			"integrity": "sha512-k/vGaX4/Yla3WzyMCvTQOXYeIHvqOKtnqBduzTHpzpQZzAskKMhZ2K+EnBiSM9zGSoIFeMpXKxa4dYeZIQqewQ=="
		},
		"is-binary-path": {
			"version": "2.1.0",
			"resolved": "https://registry.npmjs.org/is-binary-path/-/is-binary-path-2.1.0.tgz",
			"integrity": "sha512-ZMERYes6pDydyuGidse7OsHxtbI7WVeUEozgR/g7rd0xUimYNlvZRE/K2MgZTjWy725IfelLeVcEM97mmtRGXw==",
			"requires": {
				"binary-extensions": "^2.0.0"
			}
		},
		"is-callable": {
			"version": "1.1.4",
			"resolved": "https://registry.npmjs.org/is-callable/-/is-callable-1.1.4.tgz",
			"integrity": "sha512-r5p9sxJjYnArLjObpjA4xu5EKI3CuKHkJXMhT7kwbpUyIFD1n5PMAsoPvWnvtZiNz7LjkYDRZhd7FlI0eMijEA=="
		},
		"is-date-object": {
			"version": "1.0.1",
			"resolved": "https://registry.npmjs.org/is-date-object/-/is-date-object-1.0.1.tgz",
			"integrity": "sha1-mqIOtq7rv/d/vTPnTKAbM1gdOhY="
		},
		"is-extglob": {
			"version": "2.1.1",
			"resolved": "https://registry.npmjs.org/is-extglob/-/is-extglob-2.1.1.tgz",
			"integrity": "sha1-qIwCU1eR8C7TfHahueqXc8gz+MI="
		},
		"is-glob": {
			"version": "4.0.1",
			"resolved": "https://registry.npmjs.org/is-glob/-/is-glob-4.0.1.tgz",
			"integrity": "sha512-5G0tKtBTFImOqDnLB2hG6Bp2qcKEFduo4tZu9MT/H6NQv/ghhy30o55ufafxJ/LdH79LLs2Kfrn85TLKyA7BUg==",
			"requires": {
				"is-extglob": "^2.1.1"
			}
		},
		"is-number": {
			"version": "7.0.0",
			"resolved": "https://registry.npmjs.org/is-number/-/is-number-7.0.0.tgz",
			"integrity": "sha512-41Cifkg6e8TylSpdtTpeLVMqvSBEVzTttHvERD741+pnZ8ANv0004MRL43QKPDlK9cGvNp6NZWZUBlbGXYxxng=="
		},
		"is-regex": {
			"version": "1.0.4",
			"resolved": "https://registry.npmjs.org/is-regex/-/is-regex-1.0.4.tgz",
			"integrity": "sha1-VRdIm1RwkbCTDglWVM7SXul+lJE=",
			"requires": {
				"has": "^1.0.1"
			}
		},
		"is-symbol": {
			"version": "1.0.2",
			"resolved": "https://registry.npmjs.org/is-symbol/-/is-symbol-1.0.2.tgz",
			"integrity": "sha512-HS8bZ9ox60yCJLH9snBpIwv9pYUAkcuLhSA1oero1UB5y9aiQpRA8y2ex945AOtCZL1lJDeIk3G5LthswI46Lw==",
			"requires": {
				"has-symbols": "^1.0.0"
			}
		},
		"js-tokens": {
			"version": "4.0.0",
			"resolved": "https://registry.npmjs.org/js-tokens/-/js-tokens-4.0.0.tgz",
			"integrity": "sha512-RdJUflcE3cUzKiMqQgsCu06FPu9UdIJO0beYbPhHN4k6apgJtifcoCtT9bcxOpYBtpD2kCM6Sbzg4CausW/PKQ=="
		},
		"jsx-ast-utils": {
			"version": "2.2.1",
			"resolved": "https://registry.npmjs.org/jsx-ast-utils/-/jsx-ast-utils-2.2.1.tgz",
			"integrity": "sha512-v3FxCcAf20DayI+uxnCuw795+oOIkVu6EnJ1+kSzhqqTZHNkTZ7B66ZgLp4oLJ/gbA64cI0B7WRoHZMSRdyVRQ==",
			"requires": {
				"array-includes": "^3.0.3",
				"object.assign": "^4.1.0"
			}
		},
		"lodash.unescape": {
			"version": "4.0.1",
			"resolved": "https://registry.npmjs.org/lodash.unescape/-/lodash.unescape-4.0.1.tgz",
			"integrity": "sha1-vyJJiGzlFM2hEvrpIYzcBlIR/Jw="
		},
		"loose-envify": {
			"version": "1.4.0",
			"resolved": "https://registry.npmjs.org/loose-envify/-/loose-envify-1.4.0.tgz",
			"integrity": "sha512-lyuxPGr/Wfhrlem2CL/UcnUc1zcqKAImBDzukY7Y5F/yQiNdko6+fRLevlw1HgMySw7f611UIY408EtxRSoK3Q==",
			"requires": {
				"js-tokens": "^3.0.0 || ^4.0.0"
			}
		},
		"minimatch": {
			"version": "3.0.4",
			"resolved": "https://registry.npmjs.org/minimatch/-/minimatch-3.0.4.tgz",
			"integrity": "sha512-yJHVQEhyqPLUTgt9B83PXu6W3rx4MvvHvSUvToogpwoGDOUQ+yDrR0HRot+yOCdCO7u4hX3pWft6kWBBcqh0UA==",
			"requires": {
				"brace-expansion": "^1.1.7"
			}
		},
		"normalize-path": {
			"version": "3.0.0",
			"resolved": "https://registry.npmjs.org/normalize-path/-/normalize-path-3.0.0.tgz",
			"integrity": "sha512-6eZs5Ls3WtCisHWp9S2GUy8dqkpGi4BVSz3GaqiE6ezub0512ESztXUwUB6C6IKbQkY2Pnb/mD4WYojCRwcwLA=="
		},
		"object-assign": {
			"version": "4.1.1",
			"resolved": "https://registry.npmjs.org/object-assign/-/object-assign-4.1.1.tgz",
			"integrity": "sha1-IQmtx5ZYh8/AXLvUQsrIv7s2CGM="
		},
		"object-inspect": {
			"version": "1.6.0",
			"resolved": "https://registry.npmjs.org/object-inspect/-/object-inspect-1.6.0.tgz",
			"integrity": "sha512-GJzfBZ6DgDAmnuaM3104jR4s1Myxr3Y3zfIyN4z3UdqN69oSRacNK8UhnobDdC+7J2AHCjGwxQubNJfE70SXXQ=="
		},
		"object-keys": {
			"version": "1.1.1",
			"resolved": "https://registry.npmjs.org/object-keys/-/object-keys-1.1.1.tgz",
			"integrity": "sha512-NuAESUOUMrlIXOfHKzD6bpPu3tYt3xvjNdRIQ+FeT0lNb4K8WR70CaDxhuNguS2XG+GjkyMwOzsN5ZktImfhLA=="
		},
		"object.assign": {
			"version": "4.1.0",
			"resolved": "https://registry.npmjs.org/object.assign/-/object.assign-4.1.0.tgz",
			"integrity": "sha512-exHJeq6kBKj58mqGyTQ9DFvrZC/eR6OwxzoM9YRoGBqrXYonaFyGiFMuc9VZrXf7DarreEwMpurG3dd+CNyW5w==",
			"requires": {
				"define-properties": "^1.1.2",
				"function-bind": "^1.1.1",
				"has-symbols": "^1.0.0",
				"object-keys": "^1.0.11"
			}
		},
		"object.entries": {
			"version": "1.1.0",
			"resolved": "https://registry.npmjs.org/object.entries/-/object.entries-1.1.0.tgz",
			"integrity": "sha512-l+H6EQ8qzGRxbkHOd5I/aHRhHDKoQXQ8g0BYt4uSweQU1/J6dZUOyWh9a2Vky35YCKjzmgxOzta2hH6kf9HuXA==",
			"requires": {
				"define-properties": "^1.1.3",
				"es-abstract": "^1.12.0",
				"function-bind": "^1.1.1",
				"has": "^1.0.3"
			}
		},
		"object.fromentries": {
			"version": "2.0.1",
			"resolved": "https://registry.npmjs.org/object.fromentries/-/object.fromentries-2.0.1.tgz",
			"integrity": "sha512-PUQv8Hbg3j2QX0IQYv3iAGCbGcu4yY4KQ92/dhA4sFSixBmSmp13UpDLs6jGK8rBtbmhNNIK99LD2k293jpiGA==",
			"requires": {
				"define-properties": "^1.1.3",
				"es-abstract": "^1.15.0",
				"function-bind": "^1.1.1",
				"has": "^1.0.3"
			}
		},
		"object.values": {
			"version": "1.1.0",
			"resolved": "https://registry.npmjs.org/object.values/-/object.values-1.1.0.tgz",
			"integrity": "sha512-8mf0nKLAoFX6VlNVdhGj31SVYpaNFtUnuoOXWyFEstsWRgU837AK+JYM0iAxwkSzGRbwn8cbFmgbyxj1j4VbXg==",
			"requires": {
				"define-properties": "^1.1.3",
				"es-abstract": "^1.12.0",
				"function-bind": "^1.1.1",
				"has": "^1.0.3"
			}
		},
		"once": {
			"version": "1.4.0",
			"resolved": "https://registry.npmjs.org/once/-/once-1.4.0.tgz",
			"integrity": "sha1-WDsap3WWHUsROsF9nFC6753Xa9E=",
			"requires": {
				"wrappy": "1"
			}
		},
		"path-is-absolute": {
			"version": "1.0.1",
			"resolved": "https://registry.npmjs.org/path-is-absolute/-/path-is-absolute-1.0.1.tgz",
			"integrity": "sha1-F0uSaHNVNP+8es5r9TpanhtcX18="
		},
		"path-parse": {
			"version": "1.0.6",
			"resolved": "https://registry.npmjs.org/path-parse/-/path-parse-1.0.6.tgz",
			"integrity": "sha512-GSmOT2EbHrINBf9SR7CDELwlJ8AENk3Qn7OikK4nFYAu3Ote2+JYNVvkpAEQm3/TLNEJFD/xZJjzyxg3KBWOzw=="
		},
		"picomatch": {
			"version": "2.0.7",
			"resolved": "https://registry.npmjs.org/picomatch/-/picomatch-2.0.7.tgz",
			"integrity": "sha512-oLHIdio3tZ0qH76NybpeneBhYVj0QFTfXEFTc/B3zKQspYfYYkWYgFsmzo+4kvId/bQRcNkVeguI3y+CD22BtA=="
		},
		"prop-types": {
			"version": "15.7.2",
			"resolved": "https://registry.npmjs.org/prop-types/-/prop-types-15.7.2.tgz",
			"integrity": "sha512-8QQikdH7//R2vurIJSutZ1smHYTcLpRWEOlHnzcWHmBYrOGUysKwSsrC89BCiFj3CbrfJ/nXFdJepOVrY1GCHQ==",
			"requires": {
				"loose-envify": "^1.4.0",
				"object-assign": "^4.1.1",
				"react-is": "^16.8.1"
			}
		},
		"react-is": {
			"version": "16.10.2",
			"resolved": "https://registry.npmjs.org/react-is/-/react-is-16.10.2.tgz",
			"integrity": "sha512-INBT1QEgtcCCgvccr5/86CfD71fw9EPmDxgiJX4I2Ddr6ZsV6iFXsuby+qWJPtmNuMY0zByTsG4468P7nHuNWA=="
		},
		"readdirp": {
			"version": "3.2.0",
			"resolved": "https://registry.npmjs.org/readdirp/-/readdirp-3.2.0.tgz",
			"integrity": "sha512-crk4Qu3pmXwgxdSgGhgA/eXiJAPQiX4GMOZZMXnqKxHX7TaoL+3gQVo/WeuAiogr07DpnfjIMpXXa+PAIvwPGQ==",
			"requires": {
				"picomatch": "^2.0.4"
			}
		},
		"regenerator-runtime": {
			"version": "0.13.3",
			"resolved": "https://registry.npmjs.org/regenerator-runtime/-/regenerator-runtime-0.13.3.tgz",
			"integrity": "sha512-naKIZz2GQ8JWh///G7L3X6LaQUAMp2lvb1rvwwsURe/VXwD6VMfr+/1NuNw3ag8v2kY1aQ/go5SNn79O9JU7yw=="
		},
		"regexpp": {
			"version": "2.0.1",
			"resolved": "https://registry.npmjs.org/regexpp/-/regexpp-2.0.1.tgz",
			"integrity": "sha512-lv0M6+TkDVniA3aD1Eg0DVpfU/booSu7Eev3TDO/mZKHBfVjgCGTV4t4buppESEYDtkArYFOxTJWv6S5C+iaNw=="
		},
		"resolve": {
			"version": "1.12.0",
			"resolved": "https://registry.npmjs.org/resolve/-/resolve-1.12.0.tgz",
			"integrity": "sha512-B/dOmuoAik5bKcD6s6nXDCjzUKnaDvdkRyAk6rsmsKLipWj4797iothd7jmmUhWTfinVMU+wc56rYKsit2Qy4w==",
			"requires": {
				"path-parse": "^1.0.6"
			}
		},
		"semver": {
			"version": "6.3.0",
			"resolved": "https://registry.npmjs.org/semver/-/semver-6.3.0.tgz",
			"integrity": "sha512-b39TBaTSfV6yBrapU89p5fKekE2m/NwnDocOVruQFS1/veMgdzuPcnOM34M6CwxW8jH/lxEa5rBoDeUwu5HHTw=="
		},
		"string.prototype.trimleft": {
			"version": "2.1.0",
			"resolved": "https://registry.npmjs.org/string.prototype.trimleft/-/string.prototype.trimleft-2.1.0.tgz",
			"integrity": "sha512-FJ6b7EgdKxxbDxc79cOlok6Afd++TTs5szo+zJTUyow3ycrRfJVE2pq3vcN53XexvKZu/DJMDfeI/qMiZTrjTw==",
			"requires": {
				"define-properties": "^1.1.3",
				"function-bind": "^1.1.1"
			}
		},
		"string.prototype.trimright": {
			"version": "2.1.0",
			"resolved": "https://registry.npmjs.org/string.prototype.trimright/-/string.prototype.trimright-2.1.0.tgz",
			"integrity": "sha512-fXZTSV55dNBwv16uw+hh5jkghxSnc5oHq+5K/gXgizHwAvMetdAJlHqqoFC1FSDVPYWLkAKl2cxpUT41sV7nSg==",
			"requires": {
				"define-properties": "^1.1.3",
				"function-bind": "^1.1.1"
			}
		},
		"to-regex-range": {
			"version": "5.0.1",
			"resolved": "https://registry.npmjs.org/to-regex-range/-/to-regex-range-5.0.1.tgz",
			"integrity": "sha512-65P7iz6X5yEr1cwcgvQxbbIw7Uk3gOy5dIdtZ4rDveLqhrdJP+Li/Hx6tyK0NEb+2GCyneCMJiGqrADCSNk8sQ==",
			"requires": {
				"is-number": "^7.0.0"
			}
		},
		"tslib": {
			"version": "1.10.0",
			"resolved": "https://registry.npmjs.org/tslib/-/tslib-1.10.0.tgz",
			"integrity": "sha512-qOebF53frne81cf0S9B41ByenJ3/IuH8yJKngAX35CmiZySA0khhkovshKK+jGCaMnVomla7gVlIcc3EvKPbTQ=="
		},
		"tsutils": {
			"version": "3.17.1",
			"resolved": "https://registry.npmjs.org/tsutils/-/tsutils-3.17.1.tgz",
			"integrity": "sha512-kzeQ5B8H3w60nFY2g8cJIuH7JDpsALXySGtwGJ0p2LSjLgay3NdIpqq5SoOBe46bKDW2iq25irHCr8wjomUS2g==",
			"requires": {
				"tslib": "^1.8.1"
			}
		},
		"wrappy": {
			"version": "1.0.2",
			"resolved": "https://registry.npmjs.org/wrappy/-/wrappy-1.0.2.tgz",
			"integrity": "sha1-tSQ9jz7BqjXxNkYFvA0QNuMKtp8="
		}
	}
}
